
Microsoft Visual Studio Solution File, Format Version 11.00
# Visual Studio 2010
Project("{8BC9CEB8-8B4A-11D0-8D11-00A0C91BC942}") = "LeapSpaceRider", "LeapSpaceRider.vcxproj", "{6D6D4D33-0B10-46C5-B920-7ACE01D1EF23}"
EndProject
Project("{8BC9CEB8-8B4A-11D0-8D11-00A0C91BC942}") = "framework", "framework\framework.vcxproj", "{F4D5FA3D-2A08-5146-A354-4B4F0729A6E3}"
EndProject
Project("{8BC9CEB8-8B4A-11D0-8D11-00A0C91BC942}") = "Camera", "Camera\Camera.vcxproj", "{4ABDF53A-0E59-4A3A-BB81-53AFFDEA813B}"
EndProject
Project("{8BC9CEB8-8B4A-11D0-8D11-00A0C91BC942}") = "ProgramData", "ProgramData\ProgramData.vcxproj", "{3A86112F-5CE4-4822-A7D7-7F4085FFDD9E}"
EndProject
Project("{8BC9CEB8-8B4A-11D0-8D11-00A0C91BC942}") = "Spaceship", "Spaceship\Spaceship.vcxproj", "{834DD61C-AF53-44B7-971A-5B4F90F87B06}"
EndProject
Global
	GlobalSection(SolutionConfigurationPlatforms) = preSolution
		Debug|Win32 = Debug|Win32
		Release|Win32 = Release|Win32
	EndGlobalSection
	GlobalSection(ProjectConfigurationPlatforms) = postSolution
		{6D6D4D33-0B10-46C5-B920-7ACE01D1EF23}.Debug|Win32.ActiveCfg = Debug|Win32
		{6D6D4D33-0B10-46C5-B920-7ACE01D1EF23}.Debug|Win32.Build.0 = Debug|Win32
		{6D6D4D33-0B10-46C5-B920-7ACE01D1EF23}.Release|Win32.ActiveCfg = Release|Win32
		{6D6D4D33-0B10-46C5-B920-7ACE01D1EF23}.Release|Win32.Build.0 = Release|Win32
		{F4D5FA3D-2A08-5146-A354-4B4F0729A6E3}.Debug|Win32.ActiveCfg = Debug|Win32
		{F4D5FA3D-2A08-5146-A354-4B4F0729A6E3}.Debug|Win32.Build.0 = Debug|Win32
		{F4D5FA3D-2A08-5146-A354-4B4F0729A6E3}.Release|Win32.ActiveCfg = Release|Win32
		{F4D5FA3D-2A08-5146-A354-4B4F0729A6E3}.Release|Win32.Build.0 = Release|Win32
		{4ABDF53A-0E59-4A3A-BB81-53AFFDEA813B}.Debug|Win32.ActiveCfg = Debug|Win32
		{4ABDF53A-0E59-4A3A-BB81-53AFFDEA813B}.Debug|Win32.Build.0 = Debug|Win32
		{4ABDF53A-0E59-4A3A-BB81-53AFFDEA813B}.Release|Win32.ActiveCfg = Release|Win32
		{4ABDF53A-0E59-4A3A-BB81-53AFFDEA813B}.Release|Win32.Build.0 = Release|Win32
		{3A86112F-5CE4-4822-A7D7-7F4085FFDD9E}.Debug|Win32.ActiveCfg = Debug|Win32
		{3A86112F-5CE4-4822-A7D7-7F4085FFDD9E}.Debug|Win32.Build.0 = Debug|Win32
		{3A86112F-5CE4-4822-A7D7-7F4085FFDD9E}.Release|Win32.ActiveCfg = Release|Win32
		{3A86112F-5CE4-4822-A7D7-7F4085FFDD9E}.Release|Win32.Build.0 = Release|Win32
		{834DD61C-AF53-44B7-971A-5B4F90F87B06}.Debug|Win32.ActiveCfg = Debug|Win32
		{834DD61C-AF53-44B7-971A-5B4F90F87B06}.Debug|Win32.Build.0 = Debug|Win32
		{834DD61C-AF53-44B7-971A-5B4F90F87B06}.Release|Win32.ActiveCfg = Release|Win32
		{834DD61C-AF53-44B7-971A-5B4F90F87B06}.Release|Win32.Build.0 = Release|Win32
	EndGlobalSection
	GlobalSection(SolutionProperties) = preSolution
		HideSolutionNode = FALSE
	EndGlobalSection
EndGlobal
